{
  "requires": true,
  "lockfileVersion": 1,
  "dependencies": {
    "d3-molecule": {
      "version": "1.2.0",
      "resolved": "https://registry.npmjs.org/d3-molecule/-/d3-molecule-1.2.0.tgz",
      "integrity": "sha512-NwZ7nFfGOwSETYhGUMALYgX6hHNkZE5qHO3criRhhxtxdLIl6zsjghqQGoQAupZ9W2x3c07yhKVVc8mZ4P+ejA==",
      "dev": true
    }
  }
}
